
Microsoft Visual Studio Solution File, Format Version 12.00
# Visual Studio Version 16
VisualStudioVersion = 16.0.30225.117
MinimumVisualStudioVersion = 10.0.40219.1
Project("{FAE04EC0-301F-11D3-BF4B-00C04F79EFBC}") = "DesktopWatcher", "DesktopWatcher.csproj", "{36CDCF79-64C5-4513-81BC-38EB1B179845}"
EndProject
Global
	GlobalSection(SolutionConfigurationPlatforms) = preSolution
		Debug|Any CPU = Debug|Any CPU
		Release|Any CPU = Release|Any CPU
	EndGlobalSection
	GlobalSection(ProjectConfigurationPlatforms) = postSolution
		{36CDCF79-64C5-4513-81BC-38EB1B179845}.Debug|Any CPU.ActiveCfg = Debug|Any CPU
		{36CDCF79-64C5-4513-81BC-38EB1B179845}.Debug|Any CPU.Build.0 = Debug|Any CPU
		{36CDCF79-64C5-4513-81BC-38EB1B179845}.Release|Any CPU.ActiveCfg = Release|Any CPU
		{36CDCF79-64C5-4513-81BC-38EB1B179845}.Release|Any CPU.Build.0 = Release|Any CPU
	EndGlobalSection
	GlobalSection(SolutionProperties) = preSolution
		HideSolutionNode = FALSE
	EndGlobalSection
	GlobalSection(ExtensibilityGlobals) = postSolution
		SolutionGuid = {769C5B06-1080-4296-AC0E-365958A11C8B}
	EndGlobalSection
EndGlobal
